
Microsoft Visual Studio Solution File, Format Version 12.00
# Visual Studio 14
VisualStudioVersion = 14.0.24720.0
MinimumVisualStudioVersion = 10.0.40219.1
Project("{8BC9CEB8-8B4A-11D0-8D11-00A0C91BC942}") = "WZTKCommon", "WZTKCommon.vcxproj", "{91731D22-736E-4757-AB94-AB96772EEDB9}"
EndProject
Project("{8BC9CEB8-8B4A-11D0-8D11-00A0C91BC942}") = "Test", "Test\Test.vcxproj", "{688E86EC-C17A-40E8-A99E-E929EE6C5A00}"
	ProjectSection(ProjectDependencies) = postProject
		{91731D22-736E-4757-AB94-AB96772EEDB9} = {91731D22-736E-4757-AB94-AB96772EEDB9}
	EndProjectSection
EndProject
Global
	GlobalSection(SolutionConfigurationPlatforms) = preSolution
		Debug|x64 = Debug|x64
		Debug|x86 = Debug|x86
		DebugMD|x64 = DebugMD|x64
		DebugMD|x86 = DebugMD|x86
		Release|x64 = Release|x64
		Release|x86 = Release|x86
		ReleaseMD|x64 = ReleaseMD|x64
		ReleaseMD|x86 = ReleaseMD|x86
	EndGlobalSection
	GlobalSection(ProjectConfigurationPlatforms) = postSolution
		{91731D22-736E-4757-AB94-AB96772EEDB9}.Debug|x64.ActiveCfg = Debug|Win32
		{91731D22-736E-4757-AB94-AB96772EEDB9}.Debug|x86.ActiveCfg = Debug|Win32
		{91731D22-736E-4757-AB94-AB96772EEDB9}.Debug|x86.Build.0 = Debug|Win32
		{91731D22-736E-4757-AB94-AB96772EEDB9}.DebugMD|x64.ActiveCfg = ReleaseMD|Win32
		{91731D22-736E-4757-AB94-AB96772EEDB9}.DebugMD|x64.Build.0 = ReleaseMD|Win32
		{91731D22-736E-4757-AB94-AB96772EEDB9}.DebugMD|x86.ActiveCfg = DebugMDD|Win32
		{91731D22-736E-4757-AB94-AB96772EEDB9}.DebugMD|x86.Build.0 = DebugMDD|Win32
		{91731D22-736E-4757-AB94-AB96772EEDB9}.Release|x64.ActiveCfg = Release|Win32
		{91731D22-736E-4757-AB94-AB96772EEDB9}.Release|x86.ActiveCfg = Release|Win32
		{91731D22-736E-4757-AB94-AB96772EEDB9}.Release|x86.Build.0 = Release|Win32
		{91731D22-736E-4757-AB94-AB96772EEDB9}.ReleaseMD|x64.ActiveCfg = ReleaseMD|Win32
		{91731D22-736E-4757-AB94-AB96772EEDB9}.ReleaseMD|x86.ActiveCfg = ReleaseMD|Win32
		{91731D22-736E-4757-AB94-AB96772EEDB9}.ReleaseMD|x86.Build.0 = ReleaseMD|Win32
		{688E86EC-C17A-40E8-A99E-E929EE6C5A00}.Debug|x64.ActiveCfg = Debug|x64
		{688E86EC-C17A-40E8-A99E-E929EE6C5A00}.Debug|x64.Build.0 = Debug|x64
		{688E86EC-C17A-40E8-A99E-E929EE6C5A00}.Debug|x86.ActiveCfg = Debug|Win32
		{688E86EC-C17A-40E8-A99E-E929EE6C5A00}.Debug|x86.Build.0 = Debug|Win32
		{688E86EC-C17A-40E8-A99E-E929EE6C5A00}.DebugMD|x64.ActiveCfg = Debug|x64
		{688E86EC-C17A-40E8-A99E-E929EE6C5A00}.DebugMD|x64.Build.0 = Debug|x64
		{688E86EC-C17A-40E8-A99E-E929EE6C5A00}.DebugMD|x86.ActiveCfg = Debug|Win32
		{688E86EC-C17A-40E8-A99E-E929EE6C5A00}.DebugMD|x86.Build.0 = Debug|Win32
		{688E86EC-C17A-40E8-A99E-E929EE6C5A00}.Release|x64.ActiveCfg = Release|x64
		{688E86EC-C17A-40E8-A99E-E929EE6C5A00}.Release|x64.Build.0 = Release|x64
		{688E86EC-C17A-40E8-A99E-E929EE6C5A00}.Release|x86.ActiveCfg = Release|Win32
		{688E86EC-C17A-40E8-A99E-E929EE6C5A00}.Release|x86.Build.0 = Release|Win32
		{688E86EC-C17A-40E8-A99E-E929EE6C5A00}.ReleaseMD|x64.ActiveCfg = Release|x64
		{688E86EC-C17A-40E8-A99E-E929EE6C5A00}.ReleaseMD|x64.Build.0 = Release|x64
		{688E86EC-C17A-40E8-A99E-E929EE6C5A00}.ReleaseMD|x86.ActiveCfg = Release|Win32
		{688E86EC-C17A-40E8-A99E-E929EE6C5A00}.ReleaseMD|x86.Build.0 = Release|Win32
	EndGlobalSection
	GlobalSection(SolutionProperties) = preSolution
		HideSolutionNode = FALSE
	EndGlobalSection
EndGlobal
